
Microsoft Visual Studio Solution File, Format Version 12.00
Project("{FAE04EC0-301F-11D3-BF4B-00C04F79EFBC}") = "FormIntermedio", "FormIntermedio\FormIntermedio.csproj", "{0925A146-F214-4F5F-B7F7-774E7CF5FBF8}"
EndProject
Global
	GlobalSection(SolutionConfigurationPlatforms) = preSolution
		Debug|Any CPU = Debug|Any CPU
		Release|Any CPU = Release|Any CPU
	EndGlobalSection
	GlobalSection(ProjectConfigurationPlatforms) = postSolution
		{0925A146-F214-4F5F-B7F7-774E7CF5FBF8}.Debug|Any CPU.ActiveCfg = Debug|Any CPU
		{0925A146-F214-4F5F-B7F7-774E7CF5FBF8}.Debug|Any CPU.Build.0 = Debug|Any CPU
		{0925A146-F214-4F5F-B7F7-774E7CF5FBF8}.Release|Any CPU.ActiveCfg = Release|Any CPU
		{0925A146-F214-4F5F-B7F7-774E7CF5FBF8}.Release|Any CPU.Build.0 = Release|Any CPU
	EndGlobalSection
EndGlobal
