
Microsoft Visual Studio Solution File, Format Version 12.00
Project("{FAE04EC0-301F-11D3-BF4B-00C04F79EFBC}") = "Monedero_A", "Monedero_A\Monedero_A.csproj", "{1389498A-B036-4848-B4C4-C81A40F2649E}"
EndProject
Global
	GlobalSection(SolutionConfigurationPlatforms) = preSolution
		Debug|Any CPU = Debug|Any CPU
		Release|Any CPU = Release|Any CPU
	EndGlobalSection
	GlobalSection(ProjectConfigurationPlatforms) = postSolution
		{1389498A-B036-4848-B4C4-C81A40F2649E}.Debug|Any CPU.ActiveCfg = Debug|Any CPU
		{1389498A-B036-4848-B4C4-C81A40F2649E}.Debug|Any CPU.Build.0 = Debug|Any CPU
		{1389498A-B036-4848-B4C4-C81A40F2649E}.Release|Any CPU.ActiveCfg = Release|Any CPU
		{1389498A-B036-4848-B4C4-C81A40F2649E}.Release|Any CPU.Build.0 = Release|Any CPU
	EndGlobalSection
EndGlobal
