
Microsoft Visual Studio Solution File, Format Version 12.00
Project("{FAE04EC0-301F-11D3-BF4B-00C04F79EFBC}") = "CuentaBancaria_B", "CuentaBancaria_B\CuentaBancaria_B.csproj", "{32196FF2-47E7-4DA8-B510-E174FD3AFB06}"
EndProject
Global
	GlobalSection(SolutionConfigurationPlatforms) = preSolution
		Debug|Any CPU = Debug|Any CPU
		Release|Any CPU = Release|Any CPU
	EndGlobalSection
	GlobalSection(ProjectConfigurationPlatforms) = postSolution
		{32196FF2-47E7-4DA8-B510-E174FD3AFB06}.Debug|Any CPU.ActiveCfg = Debug|Any CPU
		{32196FF2-47E7-4DA8-B510-E174FD3AFB06}.Debug|Any CPU.Build.0 = Debug|Any CPU
		{32196FF2-47E7-4DA8-B510-E174FD3AFB06}.Release|Any CPU.ActiveCfg = Release|Any CPU
		{32196FF2-47E7-4DA8-B510-E174FD3AFB06}.Release|Any CPU.Build.0 = Release|Any CPU
	EndGlobalSection
EndGlobal
