
Microsoft Visual Studio Solution File, Format Version 12.00
Project("{FAE04EC0-301F-11D3-BF4B-00C04F79EFBC}") = "ConexionNorthwind", "ConexionNorthwind\ConexionNorthwind.csproj", "{2BA5AE36-CDFD-4E19-99E4-19B6C81DB5D1}"
EndProject
Global
	GlobalSection(SolutionConfigurationPlatforms) = preSolution
		Debug|Any CPU = Debug|Any CPU
		Release|Any CPU = Release|Any CPU
	EndGlobalSection
	GlobalSection(ProjectConfigurationPlatforms) = postSolution
		{2BA5AE36-CDFD-4E19-99E4-19B6C81DB5D1}.Debug|Any CPU.ActiveCfg = Debug|Any CPU
		{2BA5AE36-CDFD-4E19-99E4-19B6C81DB5D1}.Debug|Any CPU.Build.0 = Debug|Any CPU
		{2BA5AE36-CDFD-4E19-99E4-19B6C81DB5D1}.Release|Any CPU.ActiveCfg = Release|Any CPU
		{2BA5AE36-CDFD-4E19-99E4-19B6C81DB5D1}.Release|Any CPU.Build.0 = Release|Any CPU
	EndGlobalSection
EndGlobal
