
Microsoft Visual Studio Solution File, Format Version 12.00
Project("{FAE04EC0-301F-11D3-BF4B-00C04F79EFBC}") = "MiPrimeraGUI", "MiPrimeraGUI\MiPrimeraGUI.csproj", "{E6052C52-B50E-49D0-B39A-4BC009EA1CC3}"
EndProject
Global
	GlobalSection(SolutionConfigurationPlatforms) = preSolution
		Debug|Any CPU = Debug|Any CPU
		Release|Any CPU = Release|Any CPU
	EndGlobalSection
	GlobalSection(ProjectConfigurationPlatforms) = postSolution
		{E6052C52-B50E-49D0-B39A-4BC009EA1CC3}.Debug|Any CPU.ActiveCfg = Debug|Any CPU
		{E6052C52-B50E-49D0-B39A-4BC009EA1CC3}.Debug|Any CPU.Build.0 = Debug|Any CPU
		{E6052C52-B50E-49D0-B39A-4BC009EA1CC3}.Release|Any CPU.ActiveCfg = Release|Any CPU
		{E6052C52-B50E-49D0-B39A-4BC009EA1CC3}.Release|Any CPU.Build.0 = Release|Any CPU
	EndGlobalSection
EndGlobal
