
Microsoft Visual Studio Solution File, Format Version 12.00
Project("{FAE04EC0-301F-11D3-BF4B-00C04F79EFBC}") = "CompraVideojuegos", "CompraVideojuegos\CompraVideojuegos.csproj", "{4F982C84-9650-47C3-B11E-513C4AF9B616}"
EndProject
Global
	GlobalSection(SolutionConfigurationPlatforms) = preSolution
		Debug|Any CPU = Debug|Any CPU
		Release|Any CPU = Release|Any CPU
	EndGlobalSection
	GlobalSection(ProjectConfigurationPlatforms) = postSolution
		{4F982C84-9650-47C3-B11E-513C4AF9B616}.Debug|Any CPU.ActiveCfg = Debug|Any CPU
		{4F982C84-9650-47C3-B11E-513C4AF9B616}.Debug|Any CPU.Build.0 = Debug|Any CPU
		{4F982C84-9650-47C3-B11E-513C4AF9B616}.Release|Any CPU.ActiveCfg = Release|Any CPU
		{4F982C84-9650-47C3-B11E-513C4AF9B616}.Release|Any CPU.Build.0 = Release|Any CPU
	EndGlobalSection
EndGlobal
