
Microsoft Visual Studio Solution File, Format Version 12.00
Project("{FAE04EC0-301F-11D3-BF4B-00C04F79EFBC}") = "EjemploFinally", "EjemploFinally\EjemploFinally.csproj", "{65FC30A9-9A1E-4D61-8C74-404E02D0E2D7}"
EndProject
Global
	GlobalSection(SolutionConfigurationPlatforms) = preSolution
		Debug|Any CPU = Debug|Any CPU
		Release|Any CPU = Release|Any CPU
	EndGlobalSection
	GlobalSection(ProjectConfigurationPlatforms) = postSolution
		{65FC30A9-9A1E-4D61-8C74-404E02D0E2D7}.Debug|Any CPU.ActiveCfg = Debug|Any CPU
		{65FC30A9-9A1E-4D61-8C74-404E02D0E2D7}.Debug|Any CPU.Build.0 = Debug|Any CPU
		{65FC30A9-9A1E-4D61-8C74-404E02D0E2D7}.Release|Any CPU.ActiveCfg = Release|Any CPU
		{65FC30A9-9A1E-4D61-8C74-404E02D0E2D7}.Release|Any CPU.Build.0 = Release|Any CPU
	EndGlobalSection
EndGlobal
