
Microsoft Visual Studio Solution File, Format Version 12.00
Project("{FAE04EC0-301F-11D3-BF4B-00C04F79EFBC}") = "HolaMundo", "HolaMundo\HolaMundo.csproj", "{CE69AF87-2856-4D25-97F1-DA7090C5CA90}"
EndProject
Global
	GlobalSection(SolutionConfigurationPlatforms) = preSolution
		Debug|Any CPU = Debug|Any CPU
		Release|Any CPU = Release|Any CPU
	EndGlobalSection
	GlobalSection(ProjectConfigurationPlatforms) = postSolution
		{CE69AF87-2856-4D25-97F1-DA7090C5CA90}.Debug|Any CPU.ActiveCfg = Debug|Any CPU
		{CE69AF87-2856-4D25-97F1-DA7090C5CA90}.Debug|Any CPU.Build.0 = Debug|Any CPU
		{CE69AF87-2856-4D25-97F1-DA7090C5CA90}.Release|Any CPU.ActiveCfg = Release|Any CPU
		{CE69AF87-2856-4D25-97F1-DA7090C5CA90}.Release|Any CPU.Build.0 = Release|Any CPU
	EndGlobalSection
EndGlobal
