
Microsoft Visual Studio Solution File, Format Version 12.00
Project("{FAE04EC0-301F-11D3-BF4B-00C04F79EFBC}") = "LoginCONIA", "LoginCONIA\LoginCONIA.csproj", "{4C02F4F0-0687-46FD-A239-50BF2473EF8B}"
EndProject
Global
	GlobalSection(SolutionConfigurationPlatforms) = preSolution
		Debug|Any CPU = Debug|Any CPU
		Release|Any CPU = Release|Any CPU
	EndGlobalSection
	GlobalSection(ProjectConfigurationPlatforms) = postSolution
		{4C02F4F0-0687-46FD-A239-50BF2473EF8B}.Debug|Any CPU.ActiveCfg = Debug|Any CPU
		{4C02F4F0-0687-46FD-A239-50BF2473EF8B}.Debug|Any CPU.Build.0 = Debug|Any CPU
		{4C02F4F0-0687-46FD-A239-50BF2473EF8B}.Release|Any CPU.ActiveCfg = Release|Any CPU
		{4C02F4F0-0687-46FD-A239-50BF2473EF8B}.Release|Any CPU.Build.0 = Release|Any CPU
	EndGlobalSection
EndGlobal
