
Microsoft Visual Studio Solution File, Format Version 12.00
Project("{FAE04EC0-301F-11D3-BF4B-00C04F79EFBC}") = "CuentaHerencia_C", "CuentaHerencia_C\CuentaHerencia_C.csproj", "{40313873-2B1E-4D07-9CEF-EC871E685212}"
EndProject
Global
	GlobalSection(SolutionConfigurationPlatforms) = preSolution
		Debug|Any CPU = Debug|Any CPU
		Release|Any CPU = Release|Any CPU
	EndGlobalSection
	GlobalSection(ProjectConfigurationPlatforms) = postSolution
		{40313873-2B1E-4D07-9CEF-EC871E685212}.Debug|Any CPU.ActiveCfg = Debug|Any CPU
		{40313873-2B1E-4D07-9CEF-EC871E685212}.Debug|Any CPU.Build.0 = Debug|Any CPU
		{40313873-2B1E-4D07-9CEF-EC871E685212}.Release|Any CPU.ActiveCfg = Release|Any CPU
		{40313873-2B1E-4D07-9CEF-EC871E685212}.Release|Any CPU.Build.0 = Release|Any CPU
	EndGlobalSection
EndGlobal
