
Microsoft Visual Studio Solution File, Format Version 12.00
Project("{FAE04EC0-301F-11D3-BF4B-00C04F79EFBC}") = "EjemploThrow_C", "EjemploThrow_C\EjemploThrow_C.csproj", "{D830C8CF-DD32-4583-AEE2-8A6C516BF58F}"
EndProject
Global
	GlobalSection(SolutionConfigurationPlatforms) = preSolution
		Debug|Any CPU = Debug|Any CPU
		Release|Any CPU = Release|Any CPU
	EndGlobalSection
	GlobalSection(ProjectConfigurationPlatforms) = postSolution
		{D830C8CF-DD32-4583-AEE2-8A6C516BF58F}.Debug|Any CPU.ActiveCfg = Debug|Any CPU
		{D830C8CF-DD32-4583-AEE2-8A6C516BF58F}.Debug|Any CPU.Build.0 = Debug|Any CPU
		{D830C8CF-DD32-4583-AEE2-8A6C516BF58F}.Release|Any CPU.ActiveCfg = Release|Any CPU
		{D830C8CF-DD32-4583-AEE2-8A6C516BF58F}.Release|Any CPU.Build.0 = Release|Any CPU
	EndGlobalSection
EndGlobal
